
Microsoft Visual Studio Solution File, Format Version 12.00
# Visual Studio Version 16
VisualStudioVersion = 16.0.31727.386
MinimumVisualStudioVersion = 10.0.40219.1
Project("{8BC9CEB8-8B4A-11D0-8D11-00A0C91BC942}") = "DSAceCleaner++", "DSAceCleaner++\DSAceCleaner++.vcxproj", "{95C2BE40-9C7E-460E-B717-1213E1A77678}"
EndProject
Global
	GlobalSection(SolutionConfigurationPlatforms) = preSolution
		Debug|x64 = Debug|x64
		Debug|x86 = Debug|x86
		Release|x64 = Release|x64
		Release|x86 = Release|x86
	EndGlobalSection
	GlobalSection(ProjectConfigurationPlatforms) = postSolution
		{95C2BE40-9C7E-460E-B717-1213E1A77678}.Debug|x64.ActiveCfg = Debug|x64
		{95C2BE40-9C7E-460E-B717-1213E1A77678}.Debug|x64.Build.0 = Debug|x64
		{95C2BE40-9C7E-460E-B717-1213E1A77678}.Debug|x86.ActiveCfg = Debug|Win32
		{95C2BE40-9C7E-460E-B717-1213E1A77678}.Debug|x86.Build.0 = Debug|Win32
		{95C2BE40-9C7E-460E-B717-1213E1A77678}.Release|x64.ActiveCfg = Release|x64
		{95C2BE40-9C7E-460E-B717-1213E1A77678}.Release|x64.Build.0 = Release|x64
		{95C2BE40-9C7E-460E-B717-1213E1A77678}.Release|x86.ActiveCfg = Release|Win32
		{95C2BE40-9C7E-460E-B717-1213E1A77678}.Release|x86.Build.0 = Release|Win32
	EndGlobalSection
	GlobalSection(SolutionProperties) = preSolution
		HideSolutionNode = FALSE
	EndGlobalSection
	GlobalSection(ExtensibilityGlobals) = postSolution
		SolutionGuid = {745571D9-20B7-44A0-93D6-DEA1E7D9FD26}
	EndGlobalSection
EndGlobal
